<?xml version="1.0" encoding="utf-8"?>
<Project ToolsVersion="4.0" xmlns="http://schemas.microsoft.com/developer/msbuild/2003">
  <ItemGroup>
    <Filter Include="源文件">
      <UniqueIdentifier>{4FC737F1-C7A5-4376-A066-2A32D752A2FF}</UniqueIdentifier>
      <Extensions>cpp;c;cc;cxx;def;odl;idl;hpj;bat;asm;asmx</Extensions>
    </Filter>
    <Filter Include="头文件">
      <UniqueIdentifier>{93995380-89BD-4b04-88EB-625FBE52EBFB}</UniqueIdentifier>
      <Extensions>h;hh;hpp;hxx;hm;inl;inc;xsd</Extensions>
    </Filter>
    <Filter Include="资源文件">
      <UniqueIdentifier>{67DA6AB6-F800-4c08-8B7A-83BB121AAD01}</UniqueIdentifier>
      <Extensions>rc;ico;cur;bmp;dlg;rc2;rct;bin;rgs;gif;jpg;jpeg;jpe;resx;tiff;tif;png;wav;mfcribbon-ms</Extensions>
    </Filter>
    <Filter Include="ds">
      <UniqueIdentifier>{39426447-d8f5-4906-9603-e19cce1fe026}</UniqueIdentifier>
    </Filter>
  </ItemGroup>
  <ItemGroup>
    <ClCompile Include="Main.cpp">
      <Filter>ds</Filter>
    </ClCompile>
    <ClCompile Include="DS_C\aatree.c">
      <Filter>ds</Filter>
    </ClCompile>
    <ClCompile Include="DS_C\avltree.c">
      <Filter>ds</Filter>
    </ClCompile>
    <ClCompile Include="DS_C\binheap.c">
      <Filter>ds</Filter>
    </ClCompile>
    <ClCompile Include="DS_C\binomial.c">
      <Filter>ds</Filter>
    </ClCompile>
    <ClCompile Include="DS_C\cursor.c">
      <Filter>ds</Filter>
    </ClCompile>
    <ClCompile Include="DS_C\disjsets.c">
      <Filter>ds</Filter>
    </ClCompile>
    <ClCompile Include="DS_C\dsl.c">
      <Filter>ds</Filter>
    </ClCompile>
    <ClCompile Include="DS_C\fig1_2.c">
      <Filter>ds</Filter>
    </ClCompile>
    <ClCompile Include="DS_C\fig1_3.c">
      <Filter>ds</Filter>
    </ClCompile>
    <ClCompile Include="DS_C\fig1_4.c">
      <Filter>ds</Filter>
    </ClCompile>
    <ClCompile Include="DS_C\fig2_9.c">
      <Filter>ds</Filter>
    </ClCompile>
    <ClCompile Include="DS_C\fig2_10.c">
      <Filter>ds</Filter>
    </ClCompile>
    <ClCompile Include="DS_C\fig2_11.c">
      <Filter>ds</Filter>
    </ClCompile>
    <ClCompile Include="DS_C\fig10_38.c">
      <Filter>ds</Filter>
    </ClCompile>
    <ClCompile Include="DS_C\fig10_40.c">
      <Filter>ds</Filter>
    </ClCompile>
    <ClCompile Include="DS_C\fig10_43.c">
      <Filter>ds</Filter>
    </ClCompile>
    <ClCompile Include="DS_C\fig10_45.c">
      <Filter>ds</Filter>
    </ClCompile>
    <ClCompile Include="DS_C\fig10_46.c">
      <Filter>ds</Filter>
    </ClCompile>
    <ClCompile Include="DS_C\fig10_53.c">
      <Filter>ds</Filter>
    </ClCompile>
    <ClCompile Include="DS_C\fig10_54.c">
      <Filter>ds</Filter>
    </ClCompile>
    <ClCompile Include="DS_C\fig10_55.c">
      <Filter>ds</Filter>
    </ClCompile>
    <ClCompile Include="DS_C\fig10_62.c">
      <Filter>ds</Filter>
    </ClCompile>
    <ClCompile Include="DS_C\hashfunc.c">
      <Filter>ds</Filter>
    </ClCompile>
    <ClCompile Include="DS_C\hashquad.c">
      <Filter>ds</Filter>
    </ClCompile>
    <ClCompile Include="DS_C\hashsep.c">
      <Filter>ds</Filter>
    </ClCompile>
    <ClCompile Include="DS_C\kdtree.c">
      <Filter>ds</Filter>
    </ClCompile>
    <ClCompile Include="DS_C\leftheap.c">
      <Filter>ds</Filter>
    </ClCompile>
    <ClCompile Include="DS_C\list.c">
      <Filter>ds</Filter>
    </ClCompile>
    <ClCompile Include="DS_C\max_sum.c">
      <Filter>ds</Filter>
    </ClCompile>
    <ClCompile Include="DS_C\pairheap.c">
      <Filter>ds</Filter>
    </ClCompile>
    <ClCompile Include="DS_C\poly.c">
      <Filter>ds</Filter>
    </ClCompile>
    <ClCompile Include="DS_C\queue.c">
      <Filter>ds</Filter>
    </ClCompile>
    <ClCompile Include="DS_C\redblack.c">
      <Filter>ds</Filter>
    </ClCompile>
    <ClCompile Include="DS_C\sort.c">
      <Filter>ds</Filter>
    </ClCompile>
    <ClCompile Include="DS_C\splay.c">
      <Filter>ds</Filter>
    </ClCompile>
    <ClCompile Include="DS_C\stackar.c">
      <Filter>ds</Filter>
    </ClCompile>
    <ClCompile Include="DS_C\stackli.c">
      <Filter>ds</Filter>
    </ClCompile>
    <ClCompile Include="DS_C\testaa.c">
      <Filter>ds</Filter>
    </ClCompile>
    <ClCompile Include="DS_C\testavl.c">
      <Filter>ds</Filter>
    </ClCompile>
    <ClCompile Include="DS_C\testbin.c">
      <Filter>ds</Filter>
    </ClCompile>
    <ClCompile Include="DS_C\testcurs.c">
      <Filter>ds</Filter>
    </ClCompile>
    <ClCompile Include="DS_C\testdsl.c">
      <Filter>ds</Filter>
    </ClCompile>
    <ClCompile Include="DS_C\testhash.c">
      <Filter>ds</Filter>
    </ClCompile>
    <ClCompile Include="DS_C\testheap.c">
      <Filter>ds</Filter>
    </ClCompile>
    <ClCompile Include="DS_C\testleft.c">
      <Filter>ds</Filter>
    </ClCompile>
    <ClCompile Include="DS_C\testlist.c">
      <Filter>ds</Filter>
    </ClCompile>
    <ClCompile Include="DS_C\testpair.c">
      <Filter>ds</Filter>
    </ClCompile>
    <ClCompile Include="DS_C\testque.c">
      <Filter>ds</Filter>
    </ClCompile>
    <ClCompile Include="DS_C\testrb.c">
      <Filter>ds</Filter>
    </ClCompile>
    <ClCompile Include="DS_C\testsply.c">
      <Filter>ds</Filter>
    </ClCompile>
    <ClCompile Include="DS_C\teststka.c">
      <Filter>ds</Filter>
    </ClCompile>
    <ClCompile Include="DS_C\teststkl.c">
      <Filter>ds</Filter>
    </ClCompile>
    <ClCompile Include="DS_C\testtree.c">
      <Filter>ds</Filter>
    </ClCompile>
    <ClCompile Include="DS_C\testtrp.c">
      <Filter>ds</Filter>
    </ClCompile>
    <ClCompile Include="DS_C\treap.c">
      <Filter>ds</Filter>
    </ClCompile>
    <ClCompile Include="DS_C\tree.c">
      <Filter>ds</Filter>
    </ClCompile>
  </ItemGroup>
  <ItemGroup>
    <ClInclude Include="DS_C\aatree.h">
      <Filter>ds</Filter>
    </ClInclude>
    <ClInclude Include="DS_C\avltree.h">
      <Filter>ds</Filter>
    </ClInclude>
    <ClInclude Include="DS_C\binheap.h">
      <Filter>ds</Filter>
    </ClInclude>
    <ClInclude Include="DS_C\binomial.h">
      <Filter>ds</Filter>
    </ClInclude>
    <ClInclude Include="DS_C\cursor.h">
      <Filter>ds</Filter>
    </ClInclude>
    <ClInclude Include="DS_C\dsl.h">
      <Filter>ds</Filter>
    </ClInclude>
    <ClInclude Include="DS_C\fatal.h">
      <Filter>ds</Filter>
    </ClInclude>
    <ClInclude Include="DS_C\hashquad.h">
      <Filter>ds</Filter>
    </ClInclude>
    <ClInclude Include="DS_C\hashsep.h">
      <Filter>ds</Filter>
    </ClInclude>
    <ClInclude Include="DS_C\leftheap.h">
      <Filter>ds</Filter>
    </ClInclude>
    <ClInclude Include="DS_C\list.h">
      <Filter>ds</Filter>
    </ClInclude>
    <ClInclude Include="DS_C\pairheap.h">
      <Filter>ds</Filter>
    </ClInclude>
    <ClInclude Include="DS_C\queue.h">
      <Filter>ds</Filter>
    </ClInclude>
    <ClInclude Include="DS_C\redblack.h">
      <Filter>ds</Filter>
    </ClInclude>
    <ClInclude Include="DS_C\splay.h">
      <Filter>ds</Filter>
    </ClInclude>
    <ClInclude Include="DS_C\stackar.h">
      <Filter>ds</Filter>
    </ClInclude>
    <ClInclude Include="DS_C\stackli.h">
      <Filter>ds</Filter>
    </ClInclude>
    <ClInclude Include="DS_C\treap.h">
      <Filter>ds</Filter>
    </ClInclude>
    <ClInclude Include="DS_C\tree.h">
      <Filter>ds</Filter>
    </ClInclude>
  </ItemGroup>
</Project>